
Microsoft Visual Studio Solution File, Format Version 12.00
# Visual Studio 15
VisualStudioVersion = 15.0.26730.16
MinimumVisualStudioVersion = 10.0.40219.1
Project("{FAE04EC0-301F-11D3-BF4B-00C04F79EFBC}") = "HW8", "HW8\HW8.csproj", "{35E83D55-FA35-4FF1-B130-F7F1AD62FC0E}"
EndProject
Global
	GlobalSection(SolutionConfigurationPlatforms) = preSolution
		Debug|Any CPU = Debug|Any CPU
		Release|Any CPU = Release|Any CPU
	EndGlobalSection
	GlobalSection(ProjectConfigurationPlatforms) = postSolution
		{35E83D55-FA35-4FF1-B130-F7F1AD62FC0E}.Debug|Any CPU.ActiveCfg = Debug|Any CPU
		{35E83D55-FA35-4FF1-B130-F7F1AD62FC0E}.Debug|Any CPU.Build.0 = Debug|Any CPU
		{35E83D55-FA35-4FF1-B130-F7F1AD62FC0E}.Release|Any CPU.ActiveCfg = Release|Any CPU
		{35E83D55-FA35-4FF1-B130-F7F1AD62FC0E}.Release|Any CPU.Build.0 = Release|Any CPU
	EndGlobalSection
	GlobalSection(SolutionProperties) = preSolution
		HideSolutionNode = FALSE
	EndGlobalSection
	GlobalSection(ExtensibilityGlobals) = postSolution
		SolutionGuid = {91C33C62-027B-4801-9291-147E0C3BED6A}
	EndGlobalSection
EndGlobal
