
Microsoft Visual Studio Solution File, Format Version 12.00
# Visual Studio 15
VisualStudioVersion = 15.0.26730.16
MinimumVisualStudioVersion = 10.0.40219.1
Project("{FAE04EC0-301F-11D3-BF4B-00C04F79EFBC}") = "Hw4", "Hw4\Hw4.csproj", "{F14D50CA-0CDA-42D1-A225-9C9771DEB830}"
EndProject
Global
	GlobalSection(SolutionConfigurationPlatforms) = preSolution
		Debug|Any CPU = Debug|Any CPU
		Release|Any CPU = Release|Any CPU
	EndGlobalSection
	GlobalSection(ProjectConfigurationPlatforms) = postSolution
		{F14D50CA-0CDA-42D1-A225-9C9771DEB830}.Debug|Any CPU.ActiveCfg = Debug|Any CPU
		{F14D50CA-0CDA-42D1-A225-9C9771DEB830}.Debug|Any CPU.Build.0 = Debug|Any CPU
		{F14D50CA-0CDA-42D1-A225-9C9771DEB830}.Release|Any CPU.ActiveCfg = Release|Any CPU
		{F14D50CA-0CDA-42D1-A225-9C9771DEB830}.Release|Any CPU.Build.0 = Release|Any CPU
	EndGlobalSection
	GlobalSection(SolutionProperties) = preSolution
		HideSolutionNode = FALSE
	EndGlobalSection
	GlobalSection(ExtensibilityGlobals) = postSolution
		SolutionGuid = {113195E0-779D-4602-BED8-C5D2EAB8AF72}
	EndGlobalSection
EndGlobal
