
Microsoft Visual Studio Solution File, Format Version 12.00
# Visual Studio 15
VisualStudioVersion = 15.0.26730.16
MinimumVisualStudioVersion = 10.0.40219.1
Project("{FAE04EC0-301F-11D3-BF4B-00C04F79EFBC}") = "HW3", "HW3\HW3.csproj", "{48E9258D-CEB4-4197-97FE-A3AC3B503422}"
EndProject
Global
	GlobalSection(SolutionConfigurationPlatforms) = preSolution
		Debug|Any CPU = Debug|Any CPU
		Release|Any CPU = Release|Any CPU
	EndGlobalSection
	GlobalSection(ProjectConfigurationPlatforms) = postSolution
		{48E9258D-CEB4-4197-97FE-A3AC3B503422}.Debug|Any CPU.ActiveCfg = Debug|Any CPU
		{48E9258D-CEB4-4197-97FE-A3AC3B503422}.Debug|Any CPU.Build.0 = Debug|Any CPU
		{48E9258D-CEB4-4197-97FE-A3AC3B503422}.Release|Any CPU.ActiveCfg = Release|Any CPU
		{48E9258D-CEB4-4197-97FE-A3AC3B503422}.Release|Any CPU.Build.0 = Release|Any CPU
	EndGlobalSection
	GlobalSection(SolutionProperties) = preSolution
		HideSolutionNode = FALSE
	EndGlobalSection
	GlobalSection(ExtensibilityGlobals) = postSolution
		SolutionGuid = {0B7E9BB7-F272-47EC-A273-24BD3D7FC712}
	EndGlobalSection
EndGlobal
